{
  "name": "Crestic",
  "lockfileVersion": 3,
  "requires": true,
  "packages": {
    "": {
      "dependencies": {
        "ckeditor4": "^4.20.2"
      }
    },
    "node_modules/ckeditor4": {
      "version": "4.20.2",
      "resolved": "https://registry.npmjs.org/ckeditor4/-/ckeditor4-4.20.2.tgz",
      "integrity": "sha512-KRRinpHF+iBmZXdtrNEQx4fqhxN/wnCAvr7jf12YW6KyDIOY6mCQsRWZ40onlNY5eg8DxfPszWIZ4eJlB9khYw=="
    }
  }
}
